
Microsoft Visual Studio Solution File, Format Version 12.00
# Visual Studio Version 16
VisualStudioVersion = 16.0.31729.503
MinimumVisualStudioVersion = 10.0.40219.1
Project("{FAE04EC0-301F-11D3-BF4B-00C04F79EFBC}") = "PolymorphismSubmissionAssignment", "PolymorphismSubmissionAssignment\PolymorphismSubmissionAssignment.csproj", "{1DF060A5-61F6-4207-860A-92BFFCC72C84}"
EndProject
Global
	GlobalSection(SolutionConfigurationPlatforms) = preSolution
		Debug|Any CPU = Debug|Any CPU
		Release|Any CPU = Release|Any CPU
	EndGlobalSection
	GlobalSection(ProjectConfigurationPlatforms) = postSolution
		{1DF060A5-61F6-4207-860A-92BFFCC72C84}.Debug|Any CPU.ActiveCfg = Debug|Any CPU
		{1DF060A5-61F6-4207-860A-92BFFCC72C84}.Debug|Any CPU.Build.0 = Debug|Any CPU
		{1DF060A5-61F6-4207-860A-92BFFCC72C84}.Release|Any CPU.ActiveCfg = Release|Any CPU
		{1DF060A5-61F6-4207-860A-92BFFCC72C84}.Release|Any CPU.Build.0 = Release|Any CPU
	EndGlobalSection
	GlobalSection(SolutionProperties) = preSolution
		HideSolutionNode = FALSE
	EndGlobalSection
	GlobalSection(ExtensibilityGlobals) = postSolution
		SolutionGuid = {450026FB-35A2-481C-B314-E452AE1550F6}
	EndGlobalSection
EndGlobal
