
Microsoft Visual Studio Solution File, Format Version 12.00
# Visual Studio Version 16
VisualStudioVersion = 16.0.31729.503
MinimumVisualStudioVersion = 10.0.40219.1
Project("{FAE04EC0-301F-11D3-BF4B-00C04F79EFBC}") = "ConsoleAppSubmissionAssign", "ConsoleAppSubmissionAssign\ConsoleAppSubmissionAssign.csproj", "{4413893C-79CF-47FD-8075-0B8BA9FAD421}"
EndProject
Global
	GlobalSection(SolutionConfigurationPlatforms) = preSolution
		Debug|Any CPU = Debug|Any CPU
		Release|Any CPU = Release|Any CPU
	EndGlobalSection
	GlobalSection(ProjectConfigurationPlatforms) = postSolution
		{4413893C-79CF-47FD-8075-0B8BA9FAD421}.Debug|Any CPU.ActiveCfg = Debug|Any CPU
		{4413893C-79CF-47FD-8075-0B8BA9FAD421}.Debug|Any CPU.Build.0 = Debug|Any CPU
		{4413893C-79CF-47FD-8075-0B8BA9FAD421}.Release|Any CPU.ActiveCfg = Release|Any CPU
		{4413893C-79CF-47FD-8075-0B8BA9FAD421}.Release|Any CPU.Build.0 = Release|Any CPU
	EndGlobalSection
	GlobalSection(SolutionProperties) = preSolution
		HideSolutionNode = FALSE
	EndGlobalSection
	GlobalSection(ExtensibilityGlobals) = postSolution
		SolutionGuid = {F95E350B-22D4-4D69-93E7-CA3938B8C13A}
	EndGlobalSection
EndGlobal
