
Microsoft Visual Studio Solution File, Format Version 12.00
# Visual Studio Version 16
VisualStudioVersion = 16.0.31729.503
MinimumVisualStudioVersion = 10.0.40219.1
Project("{FAE04EC0-301F-11D3-BF4B-00C04F79EFBC}") = "ClassSubmissionAssignment", "ClassSubmissionAssignment\ClassSubmissionAssignment.csproj", "{BB14BBC6-68A1-48C7-A90C-BAFED8E6CE01}"
EndProject
Global
	GlobalSection(SolutionConfigurationPlatforms) = preSolution
		Debug|Any CPU = Debug|Any CPU
		Release|Any CPU = Release|Any CPU
	EndGlobalSection
	GlobalSection(ProjectConfigurationPlatforms) = postSolution
		{BB14BBC6-68A1-48C7-A90C-BAFED8E6CE01}.Debug|Any CPU.ActiveCfg = Debug|Any CPU
		{BB14BBC6-68A1-48C7-A90C-BAFED8E6CE01}.Debug|Any CPU.Build.0 = Debug|Any CPU
		{BB14BBC6-68A1-48C7-A90C-BAFED8E6CE01}.Release|Any CPU.ActiveCfg = Release|Any CPU
		{BB14BBC6-68A1-48C7-A90C-BAFED8E6CE01}.Release|Any CPU.Build.0 = Release|Any CPU
	EndGlobalSection
	GlobalSection(SolutionProperties) = preSolution
		HideSolutionNode = FALSE
	EndGlobalSection
	GlobalSection(ExtensibilityGlobals) = postSolution
		SolutionGuid = {1ADAFF34-3B96-4F2A-A516-E19A46B1E5D0}
	EndGlobalSection
EndGlobal
