
Microsoft Visual Studio Solution File, Format Version 12.00
# Visual Studio Version 16
VisualStudioVersion = 16.0.31729.503
MinimumVisualStudioVersion = 10.0.40219.1
Project("{FAE04EC0-301F-11D3-BF4B-00C04F79EFBC}") = "OperatorsSubmission", "OperatorsSubmission\OperatorsSubmission.csproj", "{07639424-53D4-47F1-9526-2607D7814B34}"
EndProject
Global
	GlobalSection(SolutionConfigurationPlatforms) = preSolution
		Debug|Any CPU = Debug|Any CPU
		Release|Any CPU = Release|Any CPU
	EndGlobalSection
	GlobalSection(ProjectConfigurationPlatforms) = postSolution
		{07639424-53D4-47F1-9526-2607D7814B34}.Debug|Any CPU.ActiveCfg = Debug|Any CPU
		{07639424-53D4-47F1-9526-2607D7814B34}.Debug|Any CPU.Build.0 = Debug|Any CPU
		{07639424-53D4-47F1-9526-2607D7814B34}.Release|Any CPU.ActiveCfg = Release|Any CPU
		{07639424-53D4-47F1-9526-2607D7814B34}.Release|Any CPU.Build.0 = Release|Any CPU
	EndGlobalSection
	GlobalSection(SolutionProperties) = preSolution
		HideSolutionNode = FALSE
	EndGlobalSection
	GlobalSection(ExtensibilityGlobals) = postSolution
		SolutionGuid = {61258F41-8815-4552-98F7-00E94A1B2E16}
	EndGlobalSection
EndGlobal
