
Microsoft Visual Studio Solution File, Format Version 12.00
# Visual Studio Version 16
VisualStudioVersion = 16.0.31729.503
MinimumVisualStudioVersion = 10.0.40219.1
Project("{FAE04EC0-301F-11D3-BF4B-00C04F79EFBC}") = "WelcomeScreen", "WelcomeScreen\WelcomeScreen.csproj", "{6902691E-DA83-45BF-9336-159443BAD8DE}"
EndProject
Global
	GlobalSection(SolutionConfigurationPlatforms) = preSolution
		Debug|Any CPU = Debug|Any CPU
		Release|Any CPU = Release|Any CPU
	EndGlobalSection
	GlobalSection(ProjectConfigurationPlatforms) = postSolution
		{6902691E-DA83-45BF-9336-159443BAD8DE}.Debug|Any CPU.ActiveCfg = Debug|Any CPU
		{6902691E-DA83-45BF-9336-159443BAD8DE}.Debug|Any CPU.Build.0 = Debug|Any CPU
		{6902691E-DA83-45BF-9336-159443BAD8DE}.Release|Any CPU.ActiveCfg = Release|Any CPU
		{6902691E-DA83-45BF-9336-159443BAD8DE}.Release|Any CPU.Build.0 = Release|Any CPU
	EndGlobalSection
	GlobalSection(SolutionProperties) = preSolution
		HideSolutionNode = FALSE
	EndGlobalSection
	GlobalSection(ExtensibilityGlobals) = postSolution
		SolutionGuid = {5EFF959A-3166-42DD-A69C-D0498D524955}
	EndGlobalSection
EndGlobal
