
Microsoft Visual Studio Solution File, Format Version 12.00
# Visual Studio Version 16
VisualStudioVersion = 16.0.31729.503
MinimumVisualStudioVersion = 10.0.40219.1
Project("{FAE04EC0-301F-11D3-BF4B-00C04F79EFBC}") = "MainMethodSubmission", "MainMethodSubmission\MainMethodSubmission.csproj", "{010C0EC0-A716-4F97-A48E-FF99B3C191C6}"
EndProject
Global
	GlobalSection(SolutionConfigurationPlatforms) = preSolution
		Debug|Any CPU = Debug|Any CPU
		Release|Any CPU = Release|Any CPU
	EndGlobalSection
	GlobalSection(ProjectConfigurationPlatforms) = postSolution
		{010C0EC0-A716-4F97-A48E-FF99B3C191C6}.Debug|Any CPU.ActiveCfg = Debug|Any CPU
		{010C0EC0-A716-4F97-A48E-FF99B3C191C6}.Debug|Any CPU.Build.0 = Debug|Any CPU
		{010C0EC0-A716-4F97-A48E-FF99B3C191C6}.Release|Any CPU.ActiveCfg = Release|Any CPU
		{010C0EC0-A716-4F97-A48E-FF99B3C191C6}.Release|Any CPU.Build.0 = Release|Any CPU
	EndGlobalSection
	GlobalSection(SolutionProperties) = preSolution
		HideSolutionNode = FALSE
	EndGlobalSection
	GlobalSection(ExtensibilityGlobals) = postSolution
		SolutionGuid = {09342CFB-F51D-4169-86F0-F3523480A732}
	EndGlobalSection
EndGlobal
